{
  "name": "piroh",
  "lockfileVersion": 3,
  "requires": true,
  "packages": {
    "": {
      "name": "piroh",
      "dependencies": {
        "@number0/iroh": "^0.35.0",
        "cbor-x": "^1.6.0"
      }
    },
    "node_modules/@cbor-extract/cbor-extract-darwin-arm64": {
      "version": "2.2.2",
      "resolved": "https://registry.npmjs.org/@cbor-extract/cbor-extract-darwin-arm64/-/cbor-extract-darwin-arm64-2.2.2.tgz",
      "integrity": "sha512-ZKZ/F8US7JR92J4DMct6cLW/Y66o2K576+zjlEN/MevH70bFIsB10wkZEQPLzl2oNh2SMGy55xpJ9JoBRl5DOA==",
      "cpu": [
        "arm64"
      ],
      "license": "MIT",
      "optional": true,
      "os": [
        "darwin"
      ]
    },
    "node_modules/@cbor-extract/cbor-extract-darwin-x64": {
      "version": "2.2.2",
      "resolved": "https://registry.npmjs.org/@cbor-extract/cbor-extract-darwin-x64/-/cbor-extract-darwin-x64-2.2.2.tgz",
      "integrity": "sha512-32b1mgc+P61Js+KW9VZv/c+xRw5EfmOcPx990JbCBSkYJFY0l25VinvyyWfl+3KjibQmAcYwmyzKF9J4DyKP/Q==",
      "cpu": [
        "x64"
      ],
      "license": "MIT",
      "optional": true,
      "os": [
        "darwin"
      ]
    },
    "node_modules/@cbor-extract/cbor-extract-linux-arm": {
      "version": "2.2.2",
      "resolved": "https://registry.npmjs.org/@cbor-extract/cbor-extract-linux-arm/-/cbor-extract-linux-arm-2.2.2.tgz",
      "integrity": "sha512-tNg0za41TpQfkhWjptD+0gSD2fggMiDCSacuIeELyb2xZhr7PrhPe5h66Jc67B/5dmpIhI2QOUtv4SBsricyYQ==",
      "cpu": [
        "arm"
      ],
      "license": "MIT",
      "optional": true,
      "os": [
        "linux"
      ]
    },
    "node_modules/@cbor-extract/cbor-extract-linux-arm64": {
      "version": "2.2.2",
      "resolved": "https://registry.npmjs.org/@cbor-extract/cbor-extract-linux-arm64/-/cbor-extract-linux-arm64-2.2.2.tgz",
      "integrity": "sha512-wfqgzqCAy/Vn8i6WVIh7qZd0DdBFaWBjPdB6ma+Wihcjv0gHqD/mw3ouVv7kbbUNrab6dKEx/w3xQZEdeXIlzg==",
      "cpu": [
        "arm64"
      ],
      "license": "MIT",
      "optional": true,
      "os": [
        "linux"
      ]
    },
    "node_modules/@cbor-extract/cbor-extract-linux-x64": {
      "version": "2.2.2",
      "resolved": "https://registry.npmjs.org/@cbor-extract/cbor-extract-linux-x64/-/cbor-extract-linux-x64-2.2.2.tgz",
      "integrity": "sha512-rpiLnVEsqtPJ+mXTdx1rfz4RtUGYIUg2rUAZgd1KjiC1SehYUSkJN7Yh+aVfSjvCGtVP0/bfkQkXpPXKbmSUaA==",
      "cpu": [
        "x64"
      ],
      "license": "MIT",
      "optional": true,
      "os": [
        "linux"
      ]
    },
    "node_modules/@cbor-extract/cbor-extract-win32-x64": {
      "version": "2.2.2",
      "resolved": "https://registry.npmjs.org/@cbor-extract/cbor-extract-win32-x64/-/cbor-extract-win32-x64-2.2.2.tgz",
      "integrity": "sha512-dI+9P7cfWxkTQ+oE+7Aa6onEn92PHgfWXZivjNheCRmTBDBf2fx6RyTi0cmgpYLnD1KLZK9ZYrMxaPZ4oiXhGA==",
      "cpu": [
        "x64"
      ],
      "license": "MIT",
      "optional": true,
      "os": [
        "win32"
      ]
    },
    "node_modules/@number0/iroh": {
      "version": "0.35.0",
      "resolved": "https://registry.npmjs.org/@number0/iroh/-/iroh-0.35.0.tgz",
      "integrity": "sha512-E3BQYZVuolHChbguaEwqcg/LT2q5sh3/poz0Op3A9q/B8j306RDCUCOlBV40IUZYYgsAPUHUW+OAyANUID8t/w==",
      "license": "MIT OR Apache-2.0",
      "engines": {
        "node": ">= 20.3.0"
      },
      "optionalDependencies": {
        "@number0/iroh-android-arm-eabi": "0.35.0",
        "@number0/iroh-android-arm64": "0.35.0",
        "@number0/iroh-darwin-arm64": "0.35.0",
        "@number0/iroh-darwin-universal": "0.35.0",
        "@number0/iroh-linux-arm-gnueabihf": "0.35.0",
        "@number0/iroh-linux-arm-musleabihf": "0.35.0",
        "@number0/iroh-linux-arm64-gnu": "0.35.0",
        "@number0/iroh-linux-arm64-musl": "0.35.0",
        "@number0/iroh-linux-x64-gnu": "0.35.0",
        "@number0/iroh-linux-x64-musl": "0.35.0",
        "@number0/iroh-win32-arm64-msvc": "0.35.0",
        "@number0/iroh-win32-x64-msvc": "0.35.0"
      }
    },
    "node_modules/@number0/iroh-android-arm-eabi": {
      "version": "0.35.0",
      "resolved": "https://registry.npmjs.org/@number0/iroh-android-arm-eabi/-/iroh-android-arm-eabi-0.35.0.tgz",
      "integrity": "sha512-l/G4tZZ7l3h/aIwi6X34YxEl6qneflxkAN0uylsjZFcDqDQYctJMDhJtYJD5GRx8uIVbLvzCNeDpVupx8TCzWQ==",
      "cpu": [
        "arm"
      ],
      "license": "MIT",
      "optional": true,
      "os": [
        "android"
      ],
      "engines": {
        "node": ">= 10"
      }
    },
    "node_modules/@number0/iroh-android-arm64": {
      "version": "0.35.0",
      "resolved": "https://registry.npmjs.org/@number0/iroh-android-arm64/-/iroh-android-arm64-0.35.0.tgz",
      "integrity": "sha512-Fc2R7yWnJkPuw1TSbR3Y+mQtLuWzE834nhNVcEUJuBs68w/KQSPmCeUVnpN7gUY2/9QskHUS5M9AfwxiD/yfMg==",
      "cpu": [
        "arm64"
      ],
      "license": "MIT",
      "optional": true,
      "os": [
        "android"
      ],
      "engines": {
        "node": ">= 10"
      }
    },
    "node_modules/@number0/iroh-darwin-arm64": {
      "version": "0.35.0",
      "resolved": "https://registry.npmjs.org/@number0/iroh-darwin-arm64/-/iroh-darwin-arm64-0.35.0.tgz",
      "integrity": "sha512-O95ZxMIx15Oz5ZHbnAD5pNAcxhgq601otS+oj/OB4j81IJ/bfhB0gVuhqHmJ4n3cJFKD5UydvACzQ+QbnsOsbQ==",
      "cpu": [
        "arm64"
      ],
      "license": "MIT",
      "optional": true,
      "os": [
        "darwin"
      ],
      "engines": {
        "node": ">= 10"
      }
    },
    "node_modules/@number0/iroh-darwin-universal": {
      "version": "0.35.0",
      "resolved": "https://registry.npmjs.org/@number0/iroh-darwin-universal/-/iroh-darwin-universal-0.35.0.tgz",
      "integrity": "sha512-yVvTWn9CWyassjxLQ1jbhWRRXkK/WBw6P8VZTmqUUvPmFKvNbneTvurvOQAaZJ1E5yk2YoNseAjQ/zvdH4JQTQ==",
      "license": "MIT",
      "optional": true,
      "os": [
        "darwin"
      ],
      "engines": {
        "node": ">= 10"
      }
    },
    "node_modules/@number0/iroh-linux-arm-gnueabihf": {
      "version": "0.35.0",
      "resolved": "https://registry.npmjs.org/@number0/iroh-linux-arm-gnueabihf/-/iroh-linux-arm-gnueabihf-0.35.0.tgz",
      "integrity": "sha512-ThIQj2FL5gtXaC6Bba+uuF8Gm3eLpdDV4KiAcu5/tW2th9RIns5Nv/HekqAcX0OtxgyxDlopmdwNUnURKVGisg==",
      "cpu": [
        "arm"
      ],
      "license": "MIT",
      "optional": true,
      "os": [
        "linux"
      ],
      "engines": {
        "node": ">= 10"
      }
    },
    "node_modules/@number0/iroh-linux-arm-musleabihf": {
      "version": "0.35.0",
      "resolved": "https://registry.npmjs.org/@number0/iroh-linux-arm-musleabihf/-/iroh-linux-arm-musleabihf-0.35.0.tgz",
      "integrity": "sha512-kkO4YL8IccPDg5shdVPfWmFpyxwnX7Ycca8oBmDljmWjGDd9dhX1Q1uX6edV1/lYM1Tgj1hXFKiZ3kLLhNAELA==",
      "cpu": [
        "arm"
      ],
      "license": "MIT",
      "optional": true,
      "os": [
        "linux"
      ],
      "engines": {
        "node": ">= 10"
      }
    },
    "node_modules/@number0/iroh-linux-arm64-gnu": {
      "version": "0.35.0",
      "resolved": "https://registry.npmjs.org/@number0/iroh-linux-arm64-gnu/-/iroh-linux-arm64-gnu-0.35.0.tgz",
      "integrity": "sha512-wclde7ePsHKZgtxdgzpPChPy+W5tlvEZ4RBrwVO6CaOXOJK2kyGKtc33iFQzMgovsZV0eg8FhK20FSuGbHgMaA==",
      "cpu": [
        "arm64"
      ],
      "libc": [
        "glibc"
      ],
      "license": "MIT",
      "optional": true,
      "os": [
        "linux"
      ],
      "engines": {
        "node": ">= 10"
      }
    },
    "node_modules/@number0/iroh-linux-arm64-musl": {
      "version": "0.35.0",
      "resolved": "https://registry.npmjs.org/@number0/iroh-linux-arm64-musl/-/iroh-linux-arm64-musl-0.35.0.tgz",
      "integrity": "sha512-C2nmuJaNKjRzJftyRuBUTCBbLkrIXIEABq5qSgU1h7ZHBzyyEnfbl6J5xlt2/mBUgLC5lot0lOho15VYJ288TQ==",
      "cpu": [
        "arm64"
      ],
      "libc": [
        "musl"
      ],
      "license": "MIT",
      "optional": true,
      "os": [
        "linux"
      ],
      "engines": {
        "node": ">= 10"
      }
    },
    "node_modules/@number0/iroh-linux-x64-gnu": {
      "version": "0.35.0",
      "resolved": "https://registry.npmjs.org/@number0/iroh-linux-x64-gnu/-/iroh-linux-x64-gnu-0.35.0.tgz",
      "integrity": "sha512-Zo9fOxJttrZR5MPBaZW2zDTokE+U+Xw7QGpwwUZWnb10HsVjvHvZeDjNMAP6SJFkjQcGZA/YtRNVP4muAZESYw==",
      "cpu": [
        "x64"
      ],
      "libc": [
        "glibc"
      ],
      "license": "MIT",
      "optional": true,
      "os": [
        "linux"
      ],
      "engines": {
        "node": ">= 10"
      }
    },
    "node_modules/@number0/iroh-linux-x64-musl": {
      "version": "0.35.0",
      "resolved": "https://registry.npmjs.org/@number0/iroh-linux-x64-musl/-/iroh-linux-x64-musl-0.35.0.tgz",
      "integrity": "sha512-GsNJgO0ia4PzjUhpLXK2q+2BtI4gVPug1xDrAZkeg44GLLz7/UcXQBcy6II1h01E8YV3931SMb+7guztG4S9jw==",
      "cpu": [
        "x64"
      ],
      "libc": [
        "musl"
      ],
      "license": "MIT",
      "optional": true,
      "os": [
        "linux"
      ],
      "engines": {
        "node": ">= 10"
      }
    },
    "node_modules/@number0/iroh-win32-arm64-msvc": {
      "version": "0.35.0",
      "resolved": "https://registry.npmjs.org/@number0/iroh-win32-arm64-msvc/-/iroh-win32-arm64-msvc-0.35.0.tgz",
      "integrity": "sha512-79hmSrU61yaBAA/btMv9XGBvHZIjW5WXEeQ2FyMxLlU9HCRW5F1Fo1OvTT6gjQQy13U4j0vR6QE5wV8M068K9g==",
      "cpu": [
        "arm64"
      ],
      "license": "MIT",
      "optional": true,
      "os": [
        "win32"
      ],
      "engines": {
        "node": ">= 10"
      }
    },
    "node_modules/@number0/iroh-win32-x64-msvc": {
      "version": "0.35.0",
      "resolved": "https://registry.npmjs.org/@number0/iroh-win32-x64-msvc/-/iroh-win32-x64-msvc-0.35.0.tgz",
      "integrity": "sha512-ymDdwXop1M0u8ehxQeiwOFbU5WodEljk6+Suzy7Xk+qxrYpKUDUij3bwlx9lYKYohtlK8rvhLMkLO3v0BNMoWQ==",
      "cpu": [
        "x64"
      ],
      "license": "MIT",
      "optional": true,
      "os": [
        "win32"
      ],
      "engines": {
        "node": ">= 10"
      }
    },
    "node_modules/cbor-extract": {
      "version": "2.2.2",
      "resolved": "https://registry.npmjs.org/cbor-extract/-/cbor-extract-2.2.2.tgz",
      "integrity": "sha512-hlSxxI9XO2yQfe9g6msd3g4xCfDqK5T5P0fRMLuaLHhxn4ViPrm+a+MUfhrvH2W962RGxcBwEGzLQyjbDG1gng==",
      "hasInstallScript": true,
      "license": "MIT",
      "optional": true,
      "dependencies": {
        "node-gyp-build-optional-packages": "5.1.1"
      },
      "bin": {
        "download-cbor-prebuilds": "bin/download-prebuilds.js"
      },
      "optionalDependencies": {
        "@cbor-extract/cbor-extract-darwin-arm64": "2.2.2",
        "@cbor-extract/cbor-extract-darwin-x64": "2.2.2",
        "@cbor-extract/cbor-extract-linux-arm": "2.2.2",
        "@cbor-extract/cbor-extract-linux-arm64": "2.2.2",
        "@cbor-extract/cbor-extract-linux-x64": "2.2.2",
        "@cbor-extract/cbor-extract-win32-x64": "2.2.2"
      }
    },
    "node_modules/cbor-x": {
      "version": "1.6.4",
      "resolved": "https://registry.npmjs.org/cbor-x/-/cbor-x-1.6.4.tgz",
      "integrity": "sha512-UGKHjp6RHC6QuZ2yy5LCKm7MojM4716DwoSaqwQpaH4DvZvbBTGcoDNTiG9Y2lByXZYFEs9WRkS5tLl96IrF1Q==",
      "license": "MIT",
      "optionalDependencies": {
        "cbor-extract": "^2.2.2"
      }
    },
    "node_modules/detect-libc": {
      "version": "2.1.2",
      "resolved": "https://registry.npmjs.org/detect-libc/-/detect-libc-2.1.2.tgz",
      "integrity": "sha512-Btj2BOOO83o3WyH59e8MgXsxEQVcarkUOpEYrubB0urwnN10yQ364rsiByU11nZlqWYZm05i/of7io4mzihBtQ==",
      "license": "Apache-2.0",
      "optional": true,
      "engines": {
        "node": ">=8"
      }
    },
    "node_modules/node-gyp-build-optional-packages": {
      "version": "5.1.1",
      "resolved": "https://registry.npmjs.org/node-gyp-build-optional-packages/-/node-gyp-build-optional-packages-5.1.1.tgz",
      "integrity": "sha512-+P72GAjVAbTxjjwUmwjVrqrdZROD4nf8KgpBoDxqXXTiYZZt/ud60dE5yvCSr9lRO8e8yv6kgJIC0K0PfZFVQw==",
      "license": "MIT",
      "optional": true,
      "dependencies": {
        "detect-libc": "^2.0.1"
      },
      "bin": {
        "node-gyp-build-optional-packages": "bin.js",
        "node-gyp-build-optional-packages-optional": "optional.js",
        "node-gyp-build-optional-packages-test": "build-test.js"
      }
    }
  }
}
